// !$*UTF8*$!
{
	archiveVersion = 1;
	classes = {
	};
	objectVersion = 56;
	objects = {

/* Begin PBXBuildFile section */
		0A03B67E29A236F8000DECBF /* HalenApp.swift in Sources */ = {isa = PBXBuildFile; fileRef = 0A03B67D29A236F8000DECBF /* HalenApp.swift */; };
		0A03B68029A236F8000DECBF /* ContentView.swift in Sources */ = {isa = PBXBuildFile; fileRef = 0A03B67F29A236F8000DECBF /* ContentView.swift */; };
		0A03B68229A236FB000DECBF /* Assets.xcassets in Resources */ = {isa = PBXBuildFile; fileRef = 0A03B68129A236FB000DECBF /* Assets.xcassets */; };
		0A03B68629A236FB000DECBF /* Preview Assets.xcassets in Resources */ = {isa = PBXBuildFile; fileRef = 0A03B68529A236FB000DECBF /* Preview Assets.xcassets */; };
		0A03B69029A236FB000DECBF /* HalenTests.swift in Sources */ = {isa = PBXBuildFile; fileRef = 0A03B68F29A236FB000DECBF /* HalenTests.swift */; };
		0A03B69A29A236FB000DECBF /* HalenUITests.swift in Sources */ = {isa = PBXBuildFile; fileRef = 0A03B69929A236FB000DECBF /* HalenUITests.swift */; };
		0A03B69C29A236FB000DECBF /* HalenUITestsLaunchTests.swift in Sources */ = {isa = PBXBuildFile; fileRef = 0A03B69B29A236FB000DECBF /* HalenUITestsLaunchTests.swift */; };
		0A03B6A929A23726000DECBF /* Home.swift in Sources */ = {isa = PBXBuildFile; fileRef = 0A03B6A829A23726000DECBF /* Home.swift */; };
		0A03B6AB29A23B9B000DECBF /* MainLock.swift in Sources */ = {isa = PBXBuildFile; fileRef = 0A03B6AA29A23B9B000DECBF /* MainLock.swift */; };
		0A03B6AD29A2412C000DECBF /* ControlLock.swift in Sources */ = {isa = PBXBuildFile; fileRef = 0A03B6AC29A2412C000DECBF /* ControlLock.swift */; };
		0A03B6AF29A24B0F000DECBF /* LockLog.swift in Sources */ = {isa = PBXBuildFile; fileRef = 0A03B6AE29A24B0F000DECBF /* LockLog.swift */; };
/* End PBXBuildFile section */

/* Begin PBXContainerItemProxy section */
		0A03B68C29A236FB000DECBF /* PBXContainerItemProxy */ = {
			isa = PBXContainerItemProxy;
			containerPortal = 0A03B67229A236F8000DECBF /* Project object */;
			proxyType = 1;
			remoteGlobalIDString = 0A03B67929A236F8000DECBF;
			remoteInfo = Halen;
		};
		0A03B69629A236FB000DECBF /* PBXContainerItemProxy */ = {
			isa = PBXContainerItemProxy;
			containerPortal = 0A03B67229A236F8000DECBF /* Project object */;
			proxyType = 1;
			remoteGlobalIDString = 0A03B67929A236F8000DECBF;
			remoteInfo = Halen;
		};
/* End PBXContainerItemProxy section */

/* Begin PBXFileReference section */
		0A03B67A29A236F8000DECBF /* Halen.app */ = {isa = PBXFileReference; explicitFileType = wrapper.application; includeInIndex = 0; path = Halen.app; sourceTree = BUILT_PRODUCTS_DIR; };
		0A03B67D29A236F8000DECBF /* HalenApp.swift */ = {isa = PBXFileReference; lastKnownFileType = sourcecode.swift; path = HalenApp.swift; sourceTree = "<group>"; };
		0A03B67F29A236F8000DECBF /* ContentView.swift */ = {isa = PBXFileReference; lastKnownFileType = sourcecode.swift; path = ContentView.swift; sourceTree = "<group>"; };
		0A03B68129A236FB000DECBF /* Assets.xcassets */ = {isa = PBXFileReference; lastKnownFileType = folder.assetcatalog; path = Assets.xcassets; sourceTree = "<group>"; };
		0A03B68329A236FB000DECBF /* Halen.entitlements */ = {isa = PBXFileReference; lastKnownFileType = text.plist.entitlements; path = Halen.entitlements; sourceTree = "<group>"; };
		0A03B68529A236FB000DECBF /* Preview Assets.xcassets */ = {isa = PBXFileReference; lastKnownFileType = folder.assetcatalog; path = "Preview Assets.xcassets"; sourceTree = "<group>"; };
		0A03B68B29A236FB000DECBF /* HalenTests.xctest */ = {isa = PBXFileReference; explicitFileType = wrapper.cfbundle; includeInIndex = 0; path = HalenTests.xctest; sourceTree = BUILT_PRODUCTS_DIR; };
		0A03B68F29A236FB000DECBF /* HalenTests.swift */ = {isa = PBXFileReference; lastKnownFileType = sourcecode.swift; path = HalenTests.swift; sourceTree = "<group>"; };
		0A03B69529A236FB000DECBF /* HalenUITests.xctest */ = {isa = PBXFileReference; explicitFileType = wrapper.cfbundle; includeInIndex = 0; path = HalenUITests.xctest; sourceTree = BUILT_PRODUCTS_DIR; };
		0A03B69929A236FB000DECBF /* HalenUITests.swift */ = {isa = PBXFileReference; lastKnownFileType = sourcecode.swift; path = HalenUITests.swift; sourceTree = "<group>"; };
		0A03B69B29A236FB000DECBF /* HalenUITestsLaunchTests.swift */ = {isa = PBXFileReference; lastKnownFileType = sourcecode.swift; path = HalenUITestsLaunchTests.swift; sourceTree = "<group>"; };
		0A03B6A829A23726000DECBF /* Home.swift */ = {isa = PBXFileReference; lastKnownFileType = sourcecode.swift; path = Home.swift; sourceTree = "<group>"; };
		0A03B6AA29A23B9B000DECBF /* MainLock.swift */ = {isa = PBXFileReference; lastKnownFileType = sourcecode.swift; path = MainLock.swift; sourceTree = "<group>"; };
		0A03B6AC29A2412C000DECBF /* ControlLock.swift */ = {isa = PBXFileReference; lastKnownFileType = sourcecode.swift; path = ControlLock.swift; sourceTree = "<group>"; };
		0A03B6AE29A24B0F000DECBF /* LockLog.swift */ = {isa = PBXFileReference; lastKnownFileType = sourcecode.swift; path = LockLog.swift; sourceTree = "<group>"; };
/* End PBXFileReference section */

/* Begin PBXFrameworksBuildPhase section */
		0A03B67729A236F8000DECBF /* Frameworks */ = {
			isa = PBXFrameworksBuildPhase;
			buildActionMask = 2147483647;
			files = (
			);
			runOnlyForDeploymentPostprocessing = 0;
		};
		0A03B68829A236FB000DECBF /* Frameworks */ = {
			isa = PBXFrameworksBuildPhase;
			buildActionMask = 2147483647;
			files = (
			);
			runOnlyForDeploymentPostprocessing = 0;
		};
		0A03B69229A236FB000DECBF /* Frameworks */ = {
			isa = PBXFrameworksBuildPhase;
			buildActionMask = 2147483647;
			files = (
			);
			runOnlyForDeploymentPostprocessing = 0;
		};
/* End PBXFrameworksBuildPhase section */

/* Begin PBXGroup section */
		0A03B67129A236F8000DECBF = {
			isa = PBXGroup;
			children = (
				0A03B67C29A236F8000DECBF /* Halen */,
				0A03B68E29A236FB000DECBF /* HalenTests */,
				0A03B69829A236FB000DECBF /* HalenUITests */,
				0A03B67B29A236F8000DECBF /* Products */,
			);
			sourceTree = "<group>";
		};
		0A03B67B29A236F8000DECBF /* Products */ = {
			isa = PBXGroup;
			children = (
				0A03B67A29A236F8000DECBF /* Halen.app */,
				0A03B68B29A236FB000DECBF /* HalenTests.xctest */,
				0A03B69529A236FB000DECBF /* HalenUITests.xctest */,
			);
			name = Products;
			sourceTree = "<group>";
		};
		0A03B67C29A236F8000DECBF /* Halen */ = {
			isa = PBXGroup;
			children = (
				0A03B67D29A236F8000DECBF /* HalenApp.swift */,
				0A03B67F29A236F8000DECBF /* ContentView.swift */,
				0A03B6A829A23726000DECBF /* Home.swift */,
				0A03B6AA29A23B9B000DECBF /* MainLock.swift */,
				0A03B6AC29A2412C000DECBF /* ControlLock.swift */,
				0A03B6AE29A24B0F000DECBF /* LockLog.swift */,
				0A03B68129A236FB000DECBF /* Assets.xcassets */,
				0A03B68329A236FB000DECBF /* Halen.entitlements */,
				0A03B68429A236FB000DECBF /* Preview Content */,
			);
			path = Halen;
			sourceTree = "<group>";
		};
		0A03B68429A236FB000DECBF /* Preview Content */ = {
			isa = PBXGroup;
			children = (
				0A03B68529A236FB000DECBF /* Preview Assets.xcassets */,
			);
			path = "Preview Content";
			sourceTree = "<group>";
		};
		0A03B68E29A236FB000DECBF /* HalenTests */ = {
			isa = PBXGroup;
			children = (
				0A03B68F29A236FB000DECBF /* HalenTests.swift */,
			);
			path = HalenTests;
			sourceTree = "<group>";
		};
		0A03B69829A236FB000DECBF /* HalenUITests */ = {
			isa = PBXGroup;
			children = (
				0A03B69929A236FB000DECBF /* HalenUITests.swift */,
				0A03B69B29A236FB000DECBF /* HalenUITestsLaunchTests.swift */,
			);
			path = HalenUITests;
			sourceTree = "<group>";
		};
/* End PBXGroup section */

/* Begin PBXNativeTarget section */
		0A03B67929A236F8000DECBF /* Halen */ = {
			isa = PBXNativeTarget;
			buildConfigurationList = 0A03B69F29A236FB000DECBF /* Build configuration list for PBXNativeTarget "Halen" */;
			buildPhases = (
				0A03B67629A236F8000DECBF /* Sources */,
				0A03B67729A236F8000DECBF /* Frameworks */,
				0A03B67829A236F8000DECBF /* Resources */,
			);
			buildRules = (
			);
			dependencies = (
			);
			name = Halen;
			productName = Halen;
			productReference = 0A03B67A29A236F8000DECBF /* Halen.app */;
			productType = "com.apple.product-type.application";
		};
		0A03B68A29A236FB000DECBF /* HalenTests */ = {
			isa = PBXNativeTarget;
			buildConfigurationList = 0A03B6A229A236FB000DECBF /* Build configuration list for PBXNativeTarget "HalenTests" */;
			buildPhases = (
				0A03B68729A236FB000DECBF /* Sources */,
				0A03B68829A236FB000DECBF /* Frameworks */,
				0A03B68929A236FB000DECBF /* Resources */,
			);
			buildRules = (
			);
			dependencies = (
				0A03B68D29A236FB000DECBF /* PBXTargetDependency */,
			);
			name = HalenTests;
			productName = HalenTests;
			productReference = 0A03B68B29A236FB000DECBF /* HalenTests.xctest */;
			productType = "com.apple.product-type.bundle.unit-test";
		};
		0A03B69429A236FB000DECBF /* HalenUITests */ = {
			isa = PBXNativeTarget;
			buildConfigurationList = 0A03B6A529A236FB000DECBF /* Build configuration list for PBXNativeTarget "HalenUITests" */;
			buildPhases = (
				0A03B69129A236FB000DECBF /* Sources */,
				0A03B69229A236FB000DECBF /* Frameworks */,
				0A03B69329A236FB000DECBF /* Resources */,
			);
			buildRules = (
			);
			dependencies = (
				0A03B69729A236FB000DECBF /* PBXTargetDependency */,
			);
			name = HalenUITests;
			productName = HalenUITests;
			productReference = 0A03B69529A236FB000DECBF /* HalenUITests.xctest */;
			productType = "com.apple.product-type.bundle.ui-testing";
		};
/* End PBXNativeTarget section */

/* Begin PBXProject section */
		0A03B67229A236F8000DECBF /* Project object */ = {
			isa = PBXProject;
			attributes = {
				BuildIndependentTargetsInParallel = 1;
				LastSwiftUpdateCheck = 1420;
				LastUpgradeCheck = 1420;
				TargetAttributes = {
					0A03B67929A236F8000DECBF = {
						CreatedOnToolsVersion = 14.2;
					};
					0A03B68A29A236FB000DECBF = {
						CreatedOnToolsVersion = 14.2;
						TestTargetID = 0A03B67929A236F8000DECBF;
					};
					0A03B69429A236FB000DECBF = {
						CreatedOnToolsVersion = 14.2;
						TestTargetID = 0A03B67929A236F8000DECBF;
					};
				};
			};
			buildConfigurationList = 0A03B67529A236F8000DECBF /* Build configuration list for PBXProject "Halen" */;
			compatibilityVersion = "Xcode 14.0";
			developmentRegion = en;
			hasScannedForEncodings = 0;
			knownRegions = (
				en,
				Base,
			);
			mainGroup = 0A03B67129A236F8000DECBF;
			productRefGroup = 0A03B67B29A236F8000DECBF /* Products */;
			projectDirPath = "";
			projectRoot = "";
			targets = (
				0A03B67929A236F8000DECBF /* Halen */,
				0A03B68A29A236FB000DECBF /* HalenTests */,
				0A03B69429A236FB000DECBF /* HalenUITests */,
			);
		};
/* End PBXProject section */

/* Begin PBXResourcesBuildPhase section */
		0A03B67829A236F8000DECBF /* Resources */ = {
			isa = PBXResourcesBuildPhase;
			buildActionMask = 2147483647;
			files = (
				0A03B68629A236FB000DECBF /* Preview Assets.xcassets in Resources */,
				0A03B68229A236FB000DECBF /* Assets.xcassets in Resources */,
			);
			runOnlyForDeploymentPostprocessing = 0;
		};
		0A03B68929A236FB000DECBF /* Resources */ = {
			isa = PBXResourcesBuildPhase;
			buildActionMask = 2147483647;
			files = (
			);
			runOnlyForDeploymentPostprocessing = 0;
		};
		0A03B69329A236FB000DECBF /* Resources */ = {
			isa = PBXResourcesBuildPhase;
			buildActionMask = 2147483647;
			files = (
			);
			runOnlyForDeploymentPostprocessing = 0;
		};
/* End PBXResourcesBuildPhase section */

/* Begin PBXSourcesBuildPhase section */
		0A03B67629A236F8000DECBF /* Sources */ = {
			isa = PBXSourcesBuildPhase;
			buildActionMask = 2147483647;
			files = (
				0A03B68029A236F8000DECBF /* ContentView.swift in Sources */,
				0A03B6AD29A2412C000DECBF /* ControlLock.swift in Sources */,
				0A03B6A929A23726000DECBF /* Home.swift in Sources */,
				0A03B6AF29A24B0F000DECBF /* LockLog.swift in Sources */,
				0A03B67E29A236F8000DECBF /* HalenApp.swift in Sources */,
				0A03B6AB29A23B9B000DECBF /* MainLock.swift in Sources */,
			);
			runOnlyForDeploymentPostprocessing = 0;
		};
		0A03B68729A236FB000DECBF /* Sources */ = {
			isa = PBXSourcesBuildPhase;
			buildActionMask = 2147483647;
			files = (
				0A03B69029A236FB000DECBF /* HalenTests.swift in Sources */,
			);
			runOnlyForDeploymentPostprocessing = 0;
		};
		0A03B69129A236FB000DECBF /* Sources */ = {
			isa = PBXSourcesBuildPhase;
			buildActionMask = 2147483647;
			files = (
				0A03B69A29A236FB000DECBF /* HalenUITests.swift in Sources */,
				0A03B69C29A236FB000DECBF /* HalenUITestsLaunchTests.swift in Sources */,
			);
			runOnlyForDeploymentPostprocessing = 0;
		};
/* End PBXSourcesBuildPhase section */

/* Begin PBXTargetDependency section */
		0A03B68D29A236FB000DECBF /* PBXTargetDependency */ = {
			isa = PBXTargetDependency;
			target = 0A03B67929A236F8000DECBF /* Halen */;
			targetProxy = 0A03B68C29A236FB000DECBF /* PBXContainerItemProxy */;
		};
		0A03B69729A236FB000DECBF /* PBXTargetDependency */ = {
			isa = PBXTargetDependency;
			target = 0A03B67929A236F8000DECBF /* Halen */;
			targetProxy = 0A03B69629A236FB000DECBF /* PBXContainerItemProxy */;
		};
/* End PBXTargetDependency section */

/* Begin XCBuildConfiguration section */
		0A03B69D29A236FB000DECBF /* Debug */ = {
			isa = XCBuildConfiguration;
			buildSettings = {
				ALWAYS_SEARCH_USER_PATHS = NO;
				CLANG_ANALYZER_NONNULL = YES;
				CLANG_ANALYZER_NUMBER_OBJECT_CONVERSION = YES_AGGRESSIVE;
				CLANG_CXX_LANGUAGE_STANDARD = "gnu++20";
				CLANG_ENABLE_MODULES = YES;
				CLANG_ENABLE_OBJC_ARC = YES;
				CLANG_ENABLE_OBJC_WEAK = YES;
				CLANG_WARN_BLOCK_CAPTURE_AUTORELEASING = YES;
				CLANG_WARN_BOOL_CONVERSION = YES;
				CLANG_WARN_COMMA = YES;
				CLANG_WARN_CONSTANT_CONVERSION = YES;
				CLANG_WARN_DEPRECATED_OBJC_IMPLEMENTATIONS = YES;
				CLANG_WARN_DIRECT_OBJC_ISA_USAGE = YES_ERROR;
				CLANG_WARN_DOCUMENTATION_COMMENTS = YES;
				CLANG_WARN_EMPTY_BODY = YES;
				CLANG_WARN_ENUM_CONVERSION = YES;
				CLANG_WARN_INFINITE_RECURSION = YES;
				CLANG_WARN_INT_CONVERSION = YES;
				CLANG_WARN_NON_LITERAL_NULL_CONVERSION = YES;
				CLANG_WARN_OBJC_IMPLICIT_RETAIN_SELF = YES;
				CLANG_WARN_OBJC_LITERAL_CONVERSION = YES;
				CLANG_WARN_OBJC_ROOT_CLASS = YES_ERROR;
				CLANG_WARN_QUOTED_INCLUDE_IN_FRAMEWORK_HEADER = YES;
				CLANG_WARN_RANGE_LOOP_ANALYSIS = YES;
				CLANG_WARN_STRICT_PROTOTYPES = YES;
				CLANG_WARN_SUSPICIOUS_MOVE = YES;
				CLANG_WARN_UNGUARDED_AVAILABILITY = YES_AGGRESSIVE;
				CLANG_WARN_UNREACHABLE_CODE = YES;
				CLANG_WARN__DUPLICATE_METHOD_MATCH = YES;
				COPY_PHASE_STRIP = NO;
				DEBUG_INFORMATION_FORMAT = dwarf;
				ENABLE_STRICT_OBJC_MSGSEND = YES;
				ENABLE_TESTABILITY = YES;
				GCC_C_LANGUAGE_STANDARD = gnu11;
				GCC_DYNAMIC_NO_PIC = NO;
				GCC_NO_COMMON_BLOCKS = YES;
				GCC_OPTIMIZATION_LEVEL = 0;
				GCC_PREPROCESSOR_DEFINITIONS = (
					"DEBUG=1",
					"$(inherited)",
				);
				GCC_WARN_64_TO_32_BIT_CONVERSION = YES;
				GCC_WARN_ABOUT_RETURN_TYPE = YES_ERROR;
				GCC_WARN_UNDECLARED_SELECTOR = YES;
				GCC_WARN_UNINITIALIZED_AUTOS = YES_AGGRESSIVE;
				GCC_WARN_UNUSED_FUNCTION = YES;
				GCC_WARN_UNUSED_VARIABLE = YES;
				MTL_ENABLE_DEBUG_INFO = INCLUDE_SOURCE;
				MTL_FAST_MATH = YES;
				ONLY_ACTIVE_ARCH = YES;
				SWIFT_ACTIVE_COMPILATION_CONDITIONS = DEBUG;
				SWIFT_OPTIMIZATION_LEVEL = "-Onone";
			};
			name = Debug;
		};
		0A03B69E29A236FB000DECBF /* Release */ = {
			isa = XCBuildConfiguration;
			buildSettings = {
				ALWAYS_SEARCH_USER_PATHS = NO;
				CLANG_ANALYZER_NONNULL = YES;
				CLANG_ANALYZER_NUMBER_OBJECT_CONVERSION = YES_AGGRESSIVE;
				CLANG_CXX_LANGUAGE_STANDARD = "gnu++20";
				CLANG_ENABLE_MODULES = YES;
				CLANG_ENABLE_OBJC_ARC = YES;
				CLANG_ENABLE_OBJC_WEAK = YES;
				CLANG_WARN_BLOCK_CAPTURE_AUTORELEASING = YES;
				CLANG_WARN_BOOL_CONVERSION = YES;
				CLANG_WARN_COMMA = YES;
				CLANG_WARN_CONSTANT_CONVERSION = YES;
				CLANG_WARN_DEPRECATED_OBJC_IMPLEMENTATIONS = YES;
				CLANG_WARN_DIRECT_OBJC_ISA_USAGE = YES_ERROR;
				CLANG_WARN_DOCUMENTATION_COMMENTS = YES;
				CLANG_WARN_EMPTY_BODY = YES;
				CLANG_WARN_ENUM_CONVERSION = YES;
				CLANG_WARN_INFINITE_RECURSION = YES;
				CLANG_WARN_INT_CONVERSION = YES;
				CLANG_WARN_NON_LITERAL_NULL_CONVERSION = YES;
				CLANG_WARN_OBJC_IMPLICIT_RETAIN_SELF = YES;
				CLANG_WARN_OBJC_LITERAL_CONVERSION = YES;
				CLANG_WARN_OBJC_ROOT_CLASS = YES_ERROR;
				CLANG_WARN_QUOTED_INCLUDE_IN_FRAMEWORK_HEADER = YES;
				CLANG_WARN_RANGE_LOOP_ANALYSIS = YES;
				CLANG_WARN_STRICT_PROTOTYPES = YES;
				CLANG_WARN_SUSPICIOUS_MOVE = YES;
				CLANG_WARN_UNGUARDED_AVAILABILITY = YES_AGGRESSIVE;
				CLANG_WARN_UNREACHABLE_CODE = YES;
				CLANG_WARN__DUPLICATE_METHOD_MATCH = YES;
				COPY_PHASE_STRIP = NO;
				DEBUG_INFORMATION_FORMAT = "dwarf-with-dsym";
				ENABLE_NS_ASSERTIONS = NO;
				ENABLE_STRICT_OBJC_MSGSEND = YES;
				GCC_C_LANGUAGE_STANDARD = gnu11;
				GCC_NO_COMMON_BLOCKS = YES;
				GCC_WARN_64_TO_32_BIT_CONVERSION = YES;
				GCC_WARN_ABOUT_RETURN_TYPE = YES_ERROR;
				GCC_WARN_UNDECLARED_SELECTOR = YES;
				GCC_WARN_UNINITIALIZED_AUTOS = YES_AGGRESSIVE;
				GCC_WARN_UNUSED_FUNCTION = YES;
				GCC_WARN_UNUSED_VARIABLE = YES;
				MTL_ENABLE_DEBUG_INFO = NO;
				MTL_FAST_MATH = YES;
				SWIFT_COMPILATION_MODE = wholemodule;
				SWIFT_OPTIMIZATION_LEVEL = "-O";
			};
			name = Release;
		};
		0A03B6A029A236FB000DECBF /* Debug */ = {
			isa = XCBuildConfiguration;
			buildSettings = {
				ASSETCATALOG_COMPILER_APPICON_NAME = AppIcon;
				ASSETCATALOG_COMPILER_GLOBAL_ACCENT_COLOR_NAME = AccentColor;
				CODE_SIGN_ENTITLEMENTS = Halen/Halen.entitlements;
				CODE_SIGN_STYLE = Automatic;
				CURRENT_PROJECT_VERSION = 1;
				DEVELOPMENT_ASSET_PATHS = "\"Halen/Preview Content\"";
				DEVELOPMENT_TEAM = RV78ENMXZ2;
				ENABLE_HARDENED_RUNTIME = YES;
				ENABLE_PREVIEWS = YES;
				GENERATE_INFOPLIST_FILE = YES;
				"INFOPLIST_KEY_UIApplicationSceneManifest_Generation[sdk=iphoneos*]" = YES;
				"INFOPLIST_KEY_UIApplicationSceneManifest_Generation[sdk=iphonesimulator*]" = YES;
				"INFOPLIST_KEY_UIApplicationSupportsIndirectInputEvents[sdk=iphoneos*]" = YES;
				"INFOPLIST_KEY_UIApplicationSupportsIndirectInputEvents[sdk=iphonesimulator*]" = YES;
				"INFOPLIST_KEY_UILaunchScreen_Generation[sdk=iphoneos*]" = YES;
				"INFOPLIST_KEY_UILaunchScreen_Generation[sdk=iphonesimulator*]" = YES;
				"INFOPLIST_KEY_UIStatusBarStyle[sdk=iphoneos*]" = UIStatusBarStyleDefault;
				"INFOPLIST_KEY_UIStatusBarStyle[sdk=iphonesimulator*]" = UIStatusBarStyleDefault;
				INFOPLIST_KEY_UISupportedInterfaceOrientations_iPad = "UIInterfaceOrientationPortrait UIInterfaceOrientationPortraitUpsideDown UIInterfaceOrientationLandscapeLeft UIInterfaceOrientationLandscapeRight";
				INFOPLIST_KEY_UISupportedInterfaceOrientations_iPhone = "UIInterfaceOrientationPortrait UIInterfaceOrientationLandscapeLeft UIInterfaceOrientationLandscapeRight";
				IPHONEOS_DEPLOYMENT_TARGET = 16.2;
				LD_RUNPATH_SEARCH_PATHS = "@executable_path/Frameworks";
				"LD_RUNPATH_SEARCH_PATHS[sdk=macosx*]" = "@executable_path/../Frameworks";
				MACOSX_DEPLOYMENT_TARGET = 13.1;
				MARKETING_VERSION = 1.0;
				PRODUCT_BUNDLE_IDENTIFIER = luckdev.Halen;
				PRODUCT_NAME = "$(TARGET_NAME)";
				SDKROOT = auto;
				SUPPORTED_PLATFORMS = "iphoneos iphonesimulator macosx";
				SWIFT_EMIT_LOC_STRINGS = YES;
				SWIFT_VERSION = 5.0;
				TARGETED_DEVICE_FAMILY = "1,2";
			};
			name = Debug;
		};
		0A03B6A129A236FB000DECBF /* Release */ = {
			isa = XCBuildConfiguration;
			buildSettings = {
				ASSETCATALOG_COMPILER_APPICON_NAME = AppIcon;
				ASSETCATALOG_COMPILER_GLOBAL_ACCENT_COLOR_NAME = AccentColor;
				CODE_SIGN_ENTITLEMENTS = Halen/Halen.entitlements;
				CODE_SIGN_STYLE = Automatic;
				CURRENT_PROJECT_VERSION = 1;
				DEVELOPMENT_ASSET_PATHS = "\"Halen/Preview Content\"";
				DEVELOPMENT_TEAM = RV78ENMXZ2;
				ENABLE_HARDENED_RUNTIME = YES;
				ENABLE_PREVIEWS = YES;
				GENERATE_INFOPLIST_FILE = YES;
				"INFOPLIST_KEY_UIApplicationSceneManifest_Generation[sdk=iphoneos*]" = YES;
				"INFOPLIST_KEY_UIApplicationSceneManifest_Generation[sdk=iphonesimulator*]" = YES;
				"INFOPLIST_KEY_UIApplicationSupportsIndirectInputEvents[sdk=iphoneos*]" = YES;
				"INFOPLIST_KEY_UIApplicationSupportsIndirectInputEvents[sdk=iphonesimulator*]" = YES;
				"INFOPLIST_KEY_UILaunchScreen_Generation[sdk=iphoneos*]" = YES;
				"INFOPLIST_KEY_UILaunchScreen_Generation[sdk=iphonesimulator*]" = YES;
				"INFOPLIST_KEY_UIStatusBarStyle[sdk=iphoneos*]" = UIStatusBarStyleDefault;
				"INFOPLIST_KEY_UIStatusBarStyle[sdk=iphonesimulator*]" = UIStatusBarStyleDefault;
				INFOPLIST_KEY_UISupportedInterfaceOrientations_iPad = "UIInterfaceOrientationPortrait UIInterfaceOrientationPortraitUpsideDown UIInterfaceOrientationLandscapeLeft UIInterfaceOrientationLandscapeRight";
				INFOPLIST_KEY_UISupportedInterfaceOrientations_iPhone = "UIInterfaceOrientationPortrait UIInterfaceOrientationLandscapeLeft UIInterfaceOrientationLandscapeRight";
				IPHONEOS_DEPLOYMENT_TARGET = 16.2;
				LD_RUNPATH_SEARCH_PATHS = "@executable_path/Frameworks";
				"LD_RUNPATH_SEARCH_PATHS[sdk=macosx*]" = "@executable_path/../Frameworks";
				MACOSX_DEPLOYMENT_TARGET = 13.1;
				MARKETING_VERSION = 1.0;
				PRODUCT_BUNDLE_IDENTIFIER = luckdev.Halen;
				PRODUCT_NAME = "$(TARGET_NAME)";
				SDKROOT = auto;
				SUPPORTED_PLATFORMS = "iphoneos iphonesimulator macosx";
				SWIFT_EMIT_LOC_STRINGS = YES;
				SWIFT_VERSION = 5.0;
				TARGETED_DEVICE_FAMILY = "1,2";
			};
			name = Release;
		};
		0A03B6A329A236FB000DECBF /* Debug */ = {
			isa = XCBuildConfiguration;
			buildSettings = {
				ALWAYS_EMBED_SWIFT_STANDARD_LIBRARIES = YES;
				BUNDLE_LOADER = "$(TEST_HOST)";
				CODE_SIGN_STYLE = Automatic;
				CURRENT_PROJECT_VERSION = 1;
				DEVELOPMENT_TEAM = RV78ENMXZ2;
				GENERATE_INFOPLIST_FILE = YES;
				IPHONEOS_DEPLOYMENT_TARGET = 16.2;
				MACOSX_DEPLOYMENT_TARGET = 13.1;
				MARKETING_VERSION = 1.0;
				PRODUCT_BUNDLE_IDENTIFIER = luckdev.HalenTests;
				PRODUCT_NAME = "$(TARGET_NAME)";
				SDKROOT = auto;
				SUPPORTED_PLATFORMS = "iphoneos iphonesimulator macosx";
				SWIFT_EMIT_LOC_STRINGS = NO;
				SWIFT_VERSION = 5.0;
				TARGETED_DEVICE_FAMILY = "1,2";
				TEST_HOST = "$(BUILT_PRODUCTS_DIR)/Halen.app/$(BUNDLE_EXECUTABLE_FOLDER_PATH)/Halen";
			};
			name = Debug;
		};
		0A03B6A429A236FB000DECBF /* Release */ = {
			isa = XCBuildConfiguration;
			buildSettings = {
				ALWAYS_EMBED_SWIFT_STANDARD_LIBRARIES = YES;
				BUNDLE_LOADER = "$(TEST_HOST)";
				CODE_SIGN_STYLE = Automatic;
				CURRENT_PROJECT_VERSION = 1;
				DEVELOPMENT_TEAM = RV78ENMXZ2;
				GENERATE_INFOPLIST_FILE = YES;
				IPHONEOS_DEPLOYMENT_TARGET = 16.2;
				MACOSX_DEPLOYMENT_TARGET = 13.1;
				MARKETING_VERSION = 1.0;
				PRODUCT_BUNDLE_IDENTIFIER = luckdev.HalenTests;
				PRODUCT_NAME = "$(TARGET_NAME)";
				SDKROOT = auto;
				SUPPORTED_PLATFORMS = "iphoneos iphonesimulator macosx";
				SWIFT_EMIT_LOC_STRINGS = NO;
				SWIFT_VERSION = 5.0;
				TARGETED_DEVICE_FAMILY = "1,2";
				TEST_HOST = "$(BUILT_PRODUCTS_DIR)/Halen.app/$(BUNDLE_EXECUTABLE_FOLDER_PATH)/Halen";
			};
			name = Release;
		};
		0A03B6A629A236FB000DECBF /* Debug */ = {
			isa = XCBuildConfiguration;
			buildSettings = {
				ALWAYS_EMBED_SWIFT_STANDARD_LIBRARIES = YES;
				CODE_SIGN_STYLE = Automatic;
				CURRENT_PROJECT_VERSION = 1;
				DEVELOPMENT_TEAM = RV78ENMXZ2;
				GENERATE_INFOPLIST_FILE = YES;
				IPHONEOS_DEPLOYMENT_TARGET = 16.2;
				MACOSX_DEPLOYMENT_TARGET = 13.1;
				MARKETING_VERSION = 1.0;
				PRODUCT_BUNDLE_IDENTIFIER = luckdev.HalenUITests;
				PRODUCT_NAME = "$(TARGET_NAME)";
				SDKROOT = auto;
				SUPPORTED_PLATFORMS = "iphoneos iphonesimulator macosx";
				SWIFT_EMIT_LOC_STRINGS = NO;
				SWIFT_VERSION = 5.0;
				TARGETED_DEVICE_FAMILY = "1,2";
				TEST_TARGET_NAME = Halen;
			};
			name = Debug;
		};
		0A03B6A729A236FB000DECBF /* Release */ = {
			isa = XCBuildConfiguration;
			buildSettings = {
				ALWAYS_EMBED_SWIFT_STANDARD_LIBRARIES = YES;
				CODE_SIGN_STYLE = Automatic;
				CURRENT_PROJECT_VERSION = 1;
				DEVELOPMENT_TEAM = RV78ENMXZ2;
				GENERATE_INFOPLIST_FILE = YES;
				IPHONEOS_DEPLOYMENT_TARGET = 16.2;
				MACOSX_DEPLOYMENT_TARGET = 13.1;
				MARKETING_VERSION = 1.0;
				PRODUCT_BUNDLE_IDENTIFIER = luckdev.HalenUITests;
				PRODUCT_NAME = "$(TARGET_NAME)";
				SDKROOT = auto;
				SUPPORTED_PLATFORMS = "iphoneos iphonesimulator macosx";
				SWIFT_EMIT_LOC_STRINGS = NO;
				SWIFT_VERSION = 5.0;
				TARGETED_DEVICE_FAMILY = "1,2";
				TEST_TARGET_NAME = Halen;
			};
			name = Release;
		};
/* End XCBuildConfiguration section */

/* Begin XCConfigurationList section */
		0A03B67529A236F8000DECBF /* Build configuration list for PBXProject "Halen" */ = {
			isa = XCConfigurationList;
			buildConfigurations = (
				0A03B69D29A236FB000DECBF /* Debug */,
				0A03B69E29A236FB000DECBF /* Release */,
			);
			defaultConfigurationIsVisible = 0;
			defaultConfigurationName = Release;
		};
		0A03B69F29A236FB000DECBF /* Build configuration list for PBXNativeTarget "Halen" */ = {
			isa = XCConfigurationList;
			buildConfigurations = (
				0A03B6A029A236FB000DECBF /* Debug */,
				0A03B6A129A236FB000DECBF /* Release */,
			);
			defaultConfigurationIsVisible = 0;
			defaultConfigurationName = Release;
		};
		0A03B6A229A236FB000DECBF /* Build configuration list for PBXNativeTarget "HalenTests" */ = {
			isa = XCConfigurationList;
			buildConfigurations = (
				0A03B6A329A236FB000DECBF /* Debug */,
				0A03B6A429A236FB000DECBF /* Release */,
			);
			defaultConfigurationIsVisible = 0;
			defaultConfigurationName = Release;
		};
		0A03B6A529A236FB000DECBF /* Build configuration list for PBXNativeTarget "HalenUITests" */ = {
			isa = XCConfigurationList;
			buildConfigurations = (
				0A03B6A629A236FB000DECBF /* Debug */,
				0A03B6A729A236FB000DECBF /* Release */,
			);
			defaultConfigurationIsVisible = 0;
			defaultConfigurationName = Release;
		};
/* End XCConfigurationList section */
	};
	rootObject = 0A03B67229A236F8000DECBF /* Project object */;
}
